// !$*UTF8*$!
{
	archiveVersion = 1;
	classes = {
	};
	objectVersion = 50;
	objects = {

/* Begin PBXBuildFile section */
		3E260A5C233D138600CF0ADC /* CategoryCell.swift in Sources */ = {isa = PBXBuildFile; fileRef = 3E260A5B233D138600CF0ADC /* CategoryCell.swift */; };
		3E260A5E233D21EC00CF0ADC /* MediaItemCell.swift in Sources */ = {isa = PBXBuildFile; fileRef = 3E260A5D233D21EC00CF0ADC /* MediaItemCell.swift */; };
		3E260A60233D33DC00CF0ADC /* Media.swift in Sources */ = {isa = PBXBuildFile; fileRef = 3E260A5F233D33DC00CF0ADC /* Media.swift */; };
		3E260A62233D364100CF0ADC /* DataManager.swift in Sources */ = {isa = PBXBuildFile; fileRef = 3E260A61233D364100CF0ADC /* DataManager.swift */; };
		3E260A64233D50D400CF0ADC /* MediaCategory.swift in Sources */ = {isa = PBXBuildFile; fileRef = 3E260A63233D50D400CF0ADC /* MediaCategory.swift */; };
		3E260A66233D7C3B00CF0ADC /* ProgressHUD.swift in Sources */ = {isa = PBXBuildFile; fileRef = 3E260A65233D7C3B00CF0ADC /* ProgressHUD.swift */; };
		3E5D408C233D03450007991E /* AppDelegate.swift in Sources */ = {isa = PBXBuildFile; fileRef = 3E5D408B233D03450007991E /* AppDelegate.swift */; };
		3E5D408E233D03450007991E /* SceneDelegate.swift in Sources */ = {isa = PBXBuildFile; fileRef = 3E5D408D233D03450007991E /* SceneDelegate.swift */; };
		3E5D4090233D03450007991E /* PlayListCollectionViewController.swift in Sources */ = {isa = PBXBuildFile; fileRef = 3E5D408F233D03450007991E /* PlayListCollectionViewController.swift */; };
		3E5D4095233D03470007991E /* Assets.xcassets in Resources */ = {isa = PBXBuildFile; fileRef = 3E5D4094233D03470007991E /* Assets.xcassets */; };
		3E5D4098233D03470007991E /* LaunchScreen.storyboard in Resources */ = {isa = PBXBuildFile; fileRef = 3E5D4096233D03470007991E /* LaunchScreen.storyboard */; };
/* End PBXBuildFile section */

/* Begin PBXFileReference section */
		3E260A5B233D138600CF0ADC /* CategoryCell.swift */ = {isa = PBXFileReference; lastKnownFileType = sourcecode.swift; path = CategoryCell.swift; sourceTree = "<group>"; };
		3E260A5D233D21EC00CF0ADC /* MediaItemCell.swift */ = {isa = PBXFileReference; lastKnownFileType = sourcecode.swift; path = MediaItemCell.swift; sourceTree = "<group>"; };
		3E260A5F233D33DC00CF0ADC /* Media.swift */ = {isa = PBXFileReference; lastKnownFileType = sourcecode.swift; path = Media.swift; sourceTree = "<group>"; };
		3E260A61233D364100CF0ADC /* DataManager.swift */ = {isa = PBXFileReference; lastKnownFileType = sourcecode.swift; path = DataManager.swift; sourceTree = "<group>"; };
		3E260A63233D50D400CF0ADC /* MediaCategory.swift */ = {isa = PBXFileReference; lastKnownFileType = sourcecode.swift; path = MediaCategory.swift; sourceTree = "<group>"; };
		3E260A65233D7C3B00CF0ADC /* ProgressHUD.swift */ = {isa = PBXFileReference; lastKnownFileType = sourcecode.swift; path = ProgressHUD.swift; sourceTree = "<group>"; };
		3E5D4088233D03450007991E /* PlayList.app */ = {isa = PBXFileReference; explicitFileType = wrapper.application; includeInIndex = 0; path = PlayList.app; sourceTree = BUILT_PRODUCTS_DIR; };
		3E5D408B233D03450007991E /* AppDelegate.swift */ = {isa = PBXFileReference; lastKnownFileType = sourcecode.swift; path = AppDelegate.swift; sourceTree = "<group>"; };
		3E5D408D233D03450007991E /* SceneDelegate.swift */ = {isa = PBXFileReference; lastKnownFileType = sourcecode.swift; path = SceneDelegate.swift; sourceTree = "<group>"; };
		3E5D408F233D03450007991E /* PlayListCollectionViewController.swift */ = {isa = PBXFileReference; lastKnownFileType = sourcecode.swift; path = PlayListCollectionViewController.swift; sourceTree = "<group>"; };
		3E5D4094233D03470007991E /* Assets.xcassets */ = {isa = PBXFileReference; lastKnownFileType = folder.assetcatalog; path = Assets.xcassets; sourceTree = "<group>"; };
		3E5D4097233D03470007991E /* Base */ = {isa = PBXFileReference; lastKnownFileType = file.storyboard; name = Base; path = Base.lproj/LaunchScreen.storyboard; sourceTree = "<group>"; };
		3E5D4099233D03470007991E /* Info.plist */ = {isa = PBXFileReference; lastKnownFileType = text.plist.xml; path = Info.plist; sourceTree = "<group>"; };
/* End PBXFileReference section */

/* Begin PBXFrameworksBuildPhase section */
		3E5D4085233D03450007991E /* Frameworks */ = {
			isa = PBXFrameworksBuildPhase;
			buildActionMask = 2147483647;
			files = (
			);
			runOnlyForDeploymentPostprocessing = 0;
		};
/* End PBXFrameworksBuildPhase section */

/* Begin PBXGroup section */
		3E5D407F233D03450007991E = {
			isa = PBXGroup;
			children = (
				3E5D408A233D03450007991E /* PlayList */,
				3E5D4089233D03450007991E /* Products */,
			);
			sourceTree = "<group>";
		};
		3E5D4089233D03450007991E /* Products */ = {
			isa = PBXGroup;
			children = (
				3E5D4088233D03450007991E /* PlayList.app */,
			);
			name = Products;
			sourceTree = "<group>";
		};
		3E5D408A233D03450007991E /* PlayList */ = {
			isa = PBXGroup;
			children = (
				3E5D408B233D03450007991E /* AppDelegate.swift */,
				3E5D408D233D03450007991E /* SceneDelegate.swift */,
				3E5D408F233D03450007991E /* PlayListCollectionViewController.swift */,
				3E260A5F233D33DC00CF0ADC /* Media.swift */,
				3E260A63233D50D400CF0ADC /* MediaCategory.swift */,
				3E260A5B233D138600CF0ADC /* CategoryCell.swift */,
				3E260A5D233D21EC00CF0ADC /* MediaItemCell.swift */,
				3E260A61233D364100CF0ADC /* DataManager.swift */,
				3E260A65233D7C3B00CF0ADC /* ProgressHUD.swift */,
				3E5D4094233D03470007991E /* Assets.xcassets */,
				3E5D4096233D03470007991E /* LaunchScreen.storyboard */,
				3E5D4099233D03470007991E /* Info.plist */,
			);
			path = PlayList;
			sourceTree = "<group>";
		};
/* End PBXGroup section */

/* Begin PBXNativeTarget section */
		3E5D4087233D03450007991E /* PlayList */ = {
			isa = PBXNativeTarget;
			buildConfigurationList = 3E5D409C233D03470007991E /* Build configuration list for PBXNativeTarget "PlayList" */;
			buildPhases = (
				3E5D4084233D03450007991E /* Sources */,
				3E5D4085233D03450007991E /* Frameworks */,
				3E5D4086233D03450007991E /* Resources */,
			);
			buildRules = (
			);
			dependencies = (
			);
			name = PlayList;
			productName = PlayList;
			productReference = 3E5D4088233D03450007991E /* PlayList.app */;
			productType = "com.apple.product-type.application";
		};
/* End PBXNativeTarget section */

/* Begin PBXProject section */
		3E5D4080233D03450007991E /* Project object */ = {
			isa = PBXProject;
			attributes = {
				LastSwiftUpdateCheck = 1100;
				LastUpgradeCheck = 1100;
				ORGANIZATIONNAME = "Lina Gao";
				TargetAttributes = {
					3E5D4087233D03450007991E = {
						CreatedOnToolsVersion = 11.0;
					};
				};
			};
			buildConfigurationList = 3E5D4083233D03450007991E /* Build configuration list for PBXProject "PlayList" */;
			compatibilityVersion = "Xcode 9.3";
			developmentRegion = en;
			hasScannedForEncodings = 0;
			knownRegions = (
				en,
				Base,
			);
			mainGroup = 3E5D407F233D03450007991E;
			productRefGroup = 3E5D4089233D03450007991E /* Products */;
			projectDirPath = "";
			projectRoot = "";
			targets = (
				3E5D4087233D03450007991E /* PlayList */,
			);
		};
/* End PBXProject section */

/* Begin PBXResourcesBuildPhase section */
		3E5D4086233D03450007991E /* Resources */ = {
			isa = PBXResourcesBuildPhase;
			buildActionMask = 2147483647;
			files = (
				3E5D4098233D03470007991E /* LaunchScreen.storyboard in Resources */,
				3E5D4095233D03470007991E /* Assets.xcassets in Resources */,
			);
			runOnlyForDeploymentPostprocessing = 0;
		};
/* End PBXResourcesBuildPhase section */

/* Begin PBXSourcesBuildPhase section */
		3E5D4084233D03450007991E /* Sources */ = {
			isa = PBXSourcesBuildPhase;
			buildActionMask = 2147483647;
			files = (
				3E260A5E233D21EC00CF0ADC /* MediaItemCell.swift in Sources */,
				3E5D4090233D03450007991E /* PlayListCollectionViewController.swift in Sources */,
				3E260A66233D7C3B00CF0ADC /* ProgressHUD.swift in Sources */,
				3E5D408C233D03450007991E /* AppDelegate.swift in Sources */,
				3E260A62233D364100CF0ADC /* DataManager.swift in Sources */,
				3E260A64233D50D400CF0ADC /* MediaCategory.swift in Sources */,
				3E5D408E233D03450007991E /* SceneDelegate.swift in Sources */,
				3E260A5C233D138600CF0ADC /* CategoryCell.swift in Sources */,
				3E260A60233D33DC00CF0ADC /* Media.swift in Sources */,
			);
			runOnlyForDeploymentPostprocessing = 0;
		};
/* End PBXSourcesBuildPhase section */

/* Begin PBXVariantGroup section */
		3E5D4096233D03470007991E /* LaunchScreen.storyboard */ = {
			isa = PBXVariantGroup;
			children = (
				3E5D4097233D03470007991E /* Base */,
			);
			name = LaunchScreen.storyboard;
			sourceTree = "<group>";
		};
/* End PBXVariantGroup section */

/* Begin XCBuildConfiguration section */
		3E5D409A233D03470007991E /* Debug */ = {
			isa = XCBuildConfiguration;
			buildSettings = {
				ALWAYS_SEARCH_USER_PATHS = NO;
				CLANG_ANALYZER_NONNULL = YES;
				CLANG_ANALYZER_NUMBER_OBJECT_CONVERSION = YES_AGGRESSIVE;
				CLANG_CXX_LANGUAGE_STANDARD = "gnu++14";
				CLANG_CXX_LIBRARY = "libc++";
				CLANG_ENABLE_MODULES = YES;
				CLANG_ENABLE_OBJC_ARC = YES;
				CLANG_ENABLE_OBJC_WEAK = YES;
				CLANG_WARN_BLOCK_CAPTURE_AUTORELEASING = YES;
				CLANG_WARN_BOOL_CONVERSION = YES;
				CLANG_WARN_COMMA = YES;
				CLANG_WARN_CONSTANT_CONVERSION = YES;
				CLANG_WARN_DEPRECATED_OBJC_IMPLEMENTATIONS = YES;
				CLANG_WARN_DIRECT_OBJC_ISA_USAGE = YES_ERROR;
				CLANG_WARN_DOCUMENTATION_COMMENTS = YES;
				CLANG_WARN_EMPTY_BODY = YES;
				CLANG_WARN_ENUM_CONVERSION = YES;
				CLANG_WARN_INFINITE_RECURSION = YES;
				CLANG_WARN_INT_CONVERSION = YES;
				CLANG_WARN_NON_LITERAL_NULL_CONVERSION = YES;
				CLANG_WARN_OBJC_IMPLICIT_RETAIN_SELF = YES;
				CLANG_WARN_OBJC_LITERAL_CONVERSION = YES;
				CLANG_WARN_OBJC_ROOT_CLASS = YES_ERROR;
				CLANG_WARN_RANGE_LOOP_ANALYSIS = YES;
				CLANG_WARN_STRICT_PROTOTYPES = YES;
				CLANG_WARN_SUSPICIOUS_MOVE = YES;
				CLANG_WARN_UNGUARDED_AVAILABILITY = YES_AGGRESSIVE;
				CLANG_WARN_UNREACHABLE_CODE = YES;
				CLANG_WARN__DUPLICATE_METHOD_MATCH = YES;
				COPY_PHASE_STRIP = NO;
				DEBUG_INFORMATION_FORMAT = dwarf;
				ENABLE_STRICT_OBJC_MSGSEND = YES;
				ENABLE_TESTABILITY = YES;
				GCC_C_LANGUAGE_STANDARD = gnu11;
				GCC_DYNAMIC_NO_PIC = NO;
				GCC_NO_COMMON_BLOCKS = YES;
				GCC_OPTIMIZATION_LEVEL = 0;
				GCC_PREPROCESSOR_DEFINITIONS = (
					"DEBUG=1",
					"$(inherited)",
				);
				GCC_WARN_64_TO_32_BIT_CONVERSION = YES;
				GCC_WARN_ABOUT_RETURN_TYPE = YES_ERROR;
				GCC_WARN_UNDECLARED_SELECTOR = YES;
				GCC_WARN_UNINITIALIZED_AUTOS = YES_AGGRESSIVE;
				GCC_WARN_UNUSED_FUNCTION = YES;
				GCC_WARN_UNUSED_VARIABLE = YES;
				IPHONEOS_DEPLOYMENT_TARGET = 13.0;
				MTL_ENABLE_DEBUG_INFO = INCLUDE_SOURCE;
				MTL_FAST_MATH = YES;
				ONLY_ACTIVE_ARCH = YES;
				SDKROOT = iphoneos;
				SWIFT_ACTIVE_COMPILATION_CONDITIONS = DEBUG;
				SWIFT_OPTIMIZATION_LEVEL = "-Onone";
			};
			name = Debug;
		};
		3E5D409B233D03470007991E /* Release */ = {
			isa = XCBuildConfiguration;
			buildSettings = {
				ALWAYS_SEARCH_USER_PATHS = NO;
				CLANG_ANALYZER_NONNULL = YES;
				CLANG_ANALYZER_NUMBER_OBJECT_CONVERSION = YES_AGGRESSIVE;
				CLANG_CXX_LANGUAGE_STANDARD = "gnu++14";
				CLANG_CXX_LIBRARY = "libc++";
				CLANG_ENABLE_MODULES = YES;
				CLANG_ENABLE_OBJC_ARC = YES;
				CLANG_ENABLE_OBJC_WEAK = YES;
				CLANG_WARN_BLOCK_CAPTURE_AUTORELEASING = YES;
				CLANG_WARN_BOOL_CONVERSION = YES;
				CLANG_WARN_COMMA = YES;
				CLANG_WARN_CONSTANT_CONVERSION = YES;
				CLANG_WARN_DEPRECATED_OBJC_IMPLEMENTATIONS = YES;
				CLANG_WARN_DIRECT_OBJC_ISA_USAGE = YES_ERROR;
				CLANG_WARN_DOCUMENTATION_COMMENTS = YES;
				CLANG_WARN_EMPTY_BODY = YES;
				CLANG_WARN_ENUM_CONVERSION = YES;
				CLANG_WARN_INFINITE_RECURSION = YES;
				CLANG_WARN_INT_CONVERSION = YES;
				CLANG_WARN_NON_LITERAL_NULL_CONVERSION = YES;
				CLANG_WARN_OBJC_IMPLICIT_RETAIN_SELF = YES;
				CLANG_WARN_OBJC_LITERAL_CONVERSION = YES;
				CLANG_WARN_OBJC_ROOT_CLASS = YES_ERROR;
				CLANG_WARN_RANGE_LOOP_ANALYSIS = YES;
				CLANG_WARN_STRICT_PROTOTYPES = YES;
				CLANG_WARN_SUSPICIOUS_MOVE = YES;
				CLANG_WARN_UNGUARDED_AVAILABILITY = YES_AGGRESSIVE;
				CLANG_WARN_UNREACHABLE_CODE = YES;
				CLANG_WARN__DUPLICATE_METHOD_MATCH = YES;
				COPY_PHASE_STRIP = NO;
				DEBUG_INFORMATION_FORMAT = "dwarf-with-dsym";
				ENABLE_NS_ASSERTIONS = NO;
				ENABLE_STRICT_OBJC_MSGSEND = YES;
				GCC_C_LANGUAGE_STANDARD = gnu11;
				GCC_NO_COMMON_BLOCKS = YES;
				GCC_WARN_64_TO_32_BIT_CONVERSION = YES;
				GCC_WARN_ABOUT_RETURN_TYPE = YES_ERROR;
				GCC_WARN_UNDECLARED_SELECTOR = YES;
				GCC_WARN_UNINITIALIZED_AUTOS = YES_AGGRESSIVE;
				GCC_WARN_UNUSED_FUNCTION = YES;
				GCC_WARN_UNUSED_VARIABLE = YES;
				IPHONEOS_DEPLOYMENT_TARGET = 13.0;
				MTL_ENABLE_DEBUG_INFO = NO;
				MTL_FAST_MATH = YES;
				SDKROOT = iphoneos;
				SWIFT_COMPILATION_MODE = wholemodule;
				SWIFT_OPTIMIZATION_LEVEL = "-O";
				VALIDATE_PRODUCT = YES;
			};
			name = Release;
		};
		3E5D409D233D03470007991E /* Debug */ = {
			isa = XCBuildConfiguration;
			buildSettings = {
				ASSETCATALOG_COMPILER_APPICON_NAME = AppIcon;
				CODE_SIGN_STYLE = Automatic;
				INFOPLIST_FILE = PlayList/Info.plist;
				LD_RUNPATH_SEARCH_PATHS = (
					"$(inherited)",
					"@executable_path/Frameworks",
				);
				PRODUCT_BUNDLE_IDENTIFIER = com.linagao.PlayList;
				PRODUCT_NAME = "$(TARGET_NAME)";
				SWIFT_VERSION = 5.0;
				TARGETED_DEVICE_FAMILY = "1,2";
			};
			name = Debug;
		};
		3E5D409E233D03470007991E /* Release */ = {
			isa = XCBuildConfiguration;
			buildSettings = {
				ASSETCATALOG_COMPILER_APPICON_NAME = AppIcon;
				CODE_SIGN_STYLE = Automatic;
				INFOPLIST_FILE = PlayList/Info.plist;
				LD_RUNPATH_SEARCH_PATHS = (
					"$(inherited)",
					"@executable_path/Frameworks",
				);
				PRODUCT_BUNDLE_IDENTIFIER = com.linagao.PlayList;
				PRODUCT_NAME = "$(TARGET_NAME)";
				SWIFT_VERSION = 5.0;
				TARGETED_DEVICE_FAMILY = "1,2";
			};
			name = Release;
		};
/* End XCBuildConfiguration section */

/* Begin XCConfigurationList section */
		3E5D4083233D03450007991E /* Build configuration list for PBXProject "PlayList" */ = {
			isa = XCConfigurationList;
			buildConfigurations = (
				3E5D409A233D03470007991E /* Debug */,
				3E5D409B233D03470007991E /* Release */,
			);
			defaultConfigurationIsVisible = 0;
			defaultConfigurationName = Release;
		};
		3E5D409C233D03470007991E /* Build configuration list for PBXNativeTarget "PlayList" */ = {
			isa = XCConfigurationList;
			buildConfigurations = (
				3E5D409D233D03470007991E /* Debug */,
				3E5D409E233D03470007991E /* Release */,
			);
			defaultConfigurationIsVisible = 0;
			defaultConfigurationName = Release;
		};
/* End XCConfigurationList section */
	};
	rootObject = 3E5D4080233D03450007991E /* Project object */;
}
